
Microsoft Visual Studio Solution File, Format Version 12.00
# Visual Studio Version 17
VisualStudioVersion = 17.2.32630.192
MinimumVisualStudioVersion = 10.0.40219.1
Project("{FAE04EC0-301F-11D3-BF4B-00C04F79EFBC}") = "ResumManagment", "ResumManagment\ResumManagment.csproj", "{37F3261F-5FF3-43B4-90AF-60B963995FB0}"
EndProject
Global
	GlobalSection(SolutionConfigurationPlatforms) = preSolution
		Debug|Any CPU = Debug|Any CPU
		Release|Any CPU = Release|Any CPU
	EndGlobalSection
	GlobalSection(ProjectConfigurationPlatforms) = postSolution
		{37F3261F-5FF3-43B4-90AF-60B963995FB0}.Debug|Any CPU.ActiveCfg = Debug|Any CPU
		{37F3261F-5FF3-43B4-90AF-60B963995FB0}.Debug|Any CPU.Build.0 = Debug|Any CPU
		{37F3261F-5FF3-43B4-90AF-60B963995FB0}.Release|Any CPU.ActiveCfg = Release|Any CPU
		{37F3261F-5FF3-43B4-90AF-60B963995FB0}.Release|Any CPU.Build.0 = Release|Any CPU
	EndGlobalSection
	GlobalSection(SolutionProperties) = preSolution
		HideSolutionNode = FALSE
	EndGlobalSection
	GlobalSection(ExtensibilityGlobals) = postSolution
		SolutionGuid = {B0CD753C-4C29-4482-8604-62115D9928B7}
	EndGlobalSection
EndGlobal
